
Microsoft Visual Studio Solution File, Format Version 12.00
# Visual Studio Version 16
VisualStudioVersion = 16.0.30503.244
MinimumVisualStudioVersion = 10.0.40219.1
Project("{FAE04EC0-301F-11D3-BF4B-00C04F79EFBC}") = "distroTrend", "distroTrend\distroTrend.csproj", "{CA334909-F889-4BF4-8352-CB73E48AF8C0}"
EndProject
Project("{FAE04EC0-301F-11D3-BF4B-00C04F79EFBC}") = "Model", "Model\Model.csproj", "{94A73100-C1DA-4579-9824-6D166D8A3612}"
EndProject
Project("{FAE04EC0-301F-11D3-BF4B-00C04F79EFBC}") = "Helper", "Helper\Helper.csproj", "{BAC6AD17-07F4-4C53-9EEA-2DD0B139606D}"
EndProject
Project("{FAE04EC0-301F-11D3-BF4B-00C04F79EFBC}") = "BAL", "BAL\BAL.csproj", "{F20A3967-600B-4D3B-8E44-FF6FDE3E9520}"
EndProject
Project("{FAE04EC0-301F-11D3-BF4B-00C04F79EFBC}") = "DAL", "DAL\DAL.csproj", "{6FA4EDF0-6214-4CA9-9CE1-8C74EBA7A982}"
EndProject
Global
	GlobalSection(SolutionConfigurationPlatforms) = preSolution
		Debug|Any CPU = Debug|Any CPU
		Release|Any CPU = Release|Any CPU
	EndGlobalSection
	GlobalSection(ProjectConfigurationPlatforms) = postSolution
		{CA334909-F889-4BF4-8352-CB73E48AF8C0}.Debug|Any CPU.ActiveCfg = Debug|Any CPU
		{CA334909-F889-4BF4-8352-CB73E48AF8C0}.Debug|Any CPU.Build.0 = Debug|Any CPU
		{CA334909-F889-4BF4-8352-CB73E48AF8C0}.Release|Any CPU.ActiveCfg = Release|Any CPU
		{CA334909-F889-4BF4-8352-CB73E48AF8C0}.Release|Any CPU.Build.0 = Release|Any CPU
		{94A73100-C1DA-4579-9824-6D166D8A3612}.Debug|Any CPU.ActiveCfg = Debug|Any CPU
		{94A73100-C1DA-4579-9824-6D166D8A3612}.Debug|Any CPU.Build.0 = Debug|Any CPU
		{94A73100-C1DA-4579-9824-6D166D8A3612}.Release|Any CPU.ActiveCfg = Release|Any CPU
		{94A73100-C1DA-4579-9824-6D166D8A3612}.Release|Any CPU.Build.0 = Release|Any CPU
		{BAC6AD17-07F4-4C53-9EEA-2DD0B139606D}.Debug|Any CPU.ActiveCfg = Debug|Any CPU
		{BAC6AD17-07F4-4C53-9EEA-2DD0B139606D}.Debug|Any CPU.Build.0 = Debug|Any CPU
		{BAC6AD17-07F4-4C53-9EEA-2DD0B139606D}.Release|Any CPU.ActiveCfg = Release|Any CPU
		{BAC6AD17-07F4-4C53-9EEA-2DD0B139606D}.Release|Any CPU.Build.0 = Release|Any CPU
		{F20A3967-600B-4D3B-8E44-FF6FDE3E9520}.Debug|Any CPU.ActiveCfg = Debug|Any CPU
		{F20A3967-600B-4D3B-8E44-FF6FDE3E9520}.Debug|Any CPU.Build.0 = Debug|Any CPU
		{F20A3967-600B-4D3B-8E44-FF6FDE3E9520}.Release|Any CPU.ActiveCfg = Release|Any CPU
		{F20A3967-600B-4D3B-8E44-FF6FDE3E9520}.Release|Any CPU.Build.0 = Release|Any CPU
		{6FA4EDF0-6214-4CA9-9CE1-8C74EBA7A982}.Debug|Any CPU.ActiveCfg = Debug|Any CPU
		{6FA4EDF0-6214-4CA9-9CE1-8C74EBA7A982}.Debug|Any CPU.Build.0 = Debug|Any CPU
		{6FA4EDF0-6214-4CA9-9CE1-8C74EBA7A982}.Release|Any CPU.ActiveCfg = Release|Any CPU
		{6FA4EDF0-6214-4CA9-9CE1-8C74EBA7A982}.Release|Any CPU.Build.0 = Release|Any CPU
	EndGlobalSection
	GlobalSection(SolutionProperties) = preSolution
		HideSolutionNode = FALSE
	EndGlobalSection
	GlobalSection(ExtensibilityGlobals) = postSolution
		SolutionGuid = {43330CCB-0EDF-41FC-9F9E-44E53D194669}
	EndGlobalSection
EndGlobal
